
Microsoft Visual Studio Solution File, Format Version 12.00
# Visual Studio Version 17
VisualStudioVersion = 17.4.33122.133
MinimumVisualStudioVersion = 10.0.40219.1
Project("{FAE04EC0-301F-11D3-BF4B-00C04F79EFBC}") = "Assembly-CSharp", "Assembly-CSharp.csproj", "{7A423C41-9F42-CAEA-E0A5-F37C10B5C662}"
EndProject
Global
	GlobalSection(SolutionConfigurationPlatforms) = preSolution
		Debug|Any CPU = Debug|Any CPU
		Release|Any CPU = Release|Any CPU
	EndGlobalSection
	GlobalSection(ProjectConfigurationPlatforms) = postSolution
		{7A423C41-9F42-CAEA-E0A5-F37C10B5C662}.Debug|Any CPU.ActiveCfg = Debug|Any CPU
		{7A423C41-9F42-CAEA-E0A5-F37C10B5C662}.Debug|Any CPU.Build.0 = Debug|Any CPU
		{7A423C41-9F42-CAEA-E0A5-F37C10B5C662}.Release|Any CPU.ActiveCfg = Release|Any CPU
		{7A423C41-9F42-CAEA-E0A5-F37C10B5C662}.Release|Any CPU.Build.0 = Release|Any CPU
	EndGlobalSection
	GlobalSection(SolutionProperties) = preSolution
		HideSolutionNode = FALSE
	EndGlobalSection
	GlobalSection(ExtensibilityGlobals) = postSolution
		SolutionGuid = {F7F4B37A-4A1C-40C0-B95D-8A78FCC0840B}
	EndGlobalSection
EndGlobal
